
Microsoft Visual Studio Solution File, Format Version 11.00
# Visual C++ Express 2010
Project("{8BC9CEB8-8B4A-11D0-8D11-00A0C91BC942}") = "amqp-Impl", "..\amqpAPI\amqp-Impl\amqp-Impl.vcxproj", "{1D6A315E-6BA5-4953-8C2B-50584E592CD4}"
	ProjectSection(ProjectDependencies) = postProject
		{B11CDE60-E353-49C9-BFD9-A2E1FBABE77A} = {B11CDE60-E353-49C9-BFD9-A2E1FBABE77A}
	EndProjectSection
EndProject
Project("{8BC9CEB8-8B4A-11D0-8D11-00A0C91BC942}") = "eccCodeUtils", "..\eccCodeUtils\eccCodeUtils.vcxproj", "{B11CDE60-E353-49C9-BFD9-A2E1FBABE77A}"
EndProject
Project("{8BC9CEB8-8B4A-11D0-8D11-00A0C91BC942}") = "eccCommonDataModel", "..\eccCommonDataModel\eccCommonDataModel.vcxproj", "{CC4FDC88-4273-4477-B895-A943D974BC27}"
	ProjectSection(ProjectDependencies) = postProject
		{B11CDE60-E353-49C9-BFD9-A2E1FBABE77A} = {B11CDE60-E353-49C9-BFD9-A2E1FBABE77A}
	EndProjectSection
EndProject
Project("{8BC9CEB8-8B4A-11D0-8D11-00A0C91BC942}") = "eccEMClient-Impl", "..\eccEMClientAPI\eccEMClient-Impl\eccEMClient-Impl.vcxproj", "{F1989404-6D1A-4105-B882-30DC481BBF2A}"
	ProjectSection(ProjectDependencies) = postProject
		{1D6A315E-6BA5-4953-8C2B-50584E592CD4} = {1D6A315E-6BA5-4953-8C2B-50584E592CD4}
		{B11CDE60-E353-49C9-BFD9-A2E1FBABE77A} = {B11CDE60-E353-49C9-BFD9-A2E1FBABE77A}
		{CC4FDC88-4273-4477-B895-A943D974BC27} = {CC4FDC88-4273-4477-B895-A943D974BC27}
	EndProjectSection
EndProject
Project("{8BC9CEB8-8B4A-11D0-8D11-00A0C91BC942}") = "rabbitmq", "..\amqpAPI\rabbitmq-VS2010\rabbitmq\rabbitmq.vcxproj", "{F63F0630-9DAA-40FA-95AF-54F04CE55B94}"
EndProject
Project("{8BC9CEB8-8B4A-11D0-8D11-00A0C91BC942}") = "rabbitmqLibraryTest", "..\amqpAPI\rabbitmq-VS2010\rabbitmqLibraryTest\rabbitmqLibraryTest.vcxproj", "{D563FE5C-B922-497F-9600-26D2444787EC}"
	ProjectSection(ProjectDependencies) = postProject
		{E4B8BC96-AB6C-4E2A-9863-848D2E9EF2A1} = {E4B8BC96-AB6C-4E2A-9863-848D2E9EF2A1}
	EndProjectSection
EndProject
Project("{8BC9CEB8-8B4A-11D0-8D11-00A0C91BC942}") = "SimpleAmqpClient", "..\amqpAPI\rabbitmq-VS2010\simpleAmqpClient\SimpleAmqpClient.vcxproj", "{E4B8BC96-AB6C-4E2A-9863-848D2E9EF2A1}"
	ProjectSection(ProjectDependencies) = postProject
		{F63F0630-9DAA-40FA-95AF-54F04CE55B94} = {F63F0630-9DAA-40FA-95AF-54F04CE55B94}
	EndProjectSection
EndProject
Global
	GlobalSection(SolutionConfigurationPlatforms) = preSolution
		Debug|Win32 = Debug|Win32
		MinSizeRel|Win32 = MinSizeRel|Win32
		Release|Win32 = Release|Win32
		RelWithDebInfo|Win32 = RelWithDebInfo|Win32
	EndGlobalSection
	GlobalSection(ProjectConfigurationPlatforms) = postSolution
		{1D6A315E-6BA5-4953-8C2B-50584E592CD4}.Debug|Win32.ActiveCfg = Debug|Win32
		{1D6A315E-6BA5-4953-8C2B-50584E592CD4}.Debug|Win32.Build.0 = Debug|Win32
		{1D6A315E-6BA5-4953-8C2B-50584E592CD4}.MinSizeRel|Win32.ActiveCfg = Release|Win32
		{1D6A315E-6BA5-4953-8C2B-50584E592CD4}.Release|Win32.ActiveCfg = Release|Win32
		{1D6A315E-6BA5-4953-8C2B-50584E592CD4}.Release|Win32.Build.0 = Release|Win32
		{1D6A315E-6BA5-4953-8C2B-50584E592CD4}.RelWithDebInfo|Win32.ActiveCfg = Release|Win32
		{B11CDE60-E353-49C9-BFD9-A2E1FBABE77A}.Debug|Win32.ActiveCfg = Debug|Win32
		{B11CDE60-E353-49C9-BFD9-A2E1FBABE77A}.Debug|Win32.Build.0 = Debug|Win32
		{B11CDE60-E353-49C9-BFD9-A2E1FBABE77A}.MinSizeRel|Win32.ActiveCfg = Release|Win32
		{B11CDE60-E353-49C9-BFD9-A2E1FBABE77A}.Release|Win32.ActiveCfg = Release|Win32
		{B11CDE60-E353-49C9-BFD9-A2E1FBABE77A}.Release|Win32.Build.0 = Release|Win32
		{B11CDE60-E353-49C9-BFD9-A2E1FBABE77A}.RelWithDebInfo|Win32.ActiveCfg = Release|Win32
		{CC4FDC88-4273-4477-B895-A943D974BC27}.Debug|Win32.ActiveCfg = Debug|Win32
		{CC4FDC88-4273-4477-B895-A943D974BC27}.Debug|Win32.Build.0 = Debug|Win32
		{CC4FDC88-4273-4477-B895-A943D974BC27}.MinSizeRel|Win32.ActiveCfg = Release|Win32
		{CC4FDC88-4273-4477-B895-A943D974BC27}.Release|Win32.ActiveCfg = Release|Win32
		{CC4FDC88-4273-4477-B895-A943D974BC27}.Release|Win32.Build.0 = Release|Win32
		{CC4FDC88-4273-4477-B895-A943D974BC27}.RelWithDebInfo|Win32.ActiveCfg = Release|Win32
		{F1989404-6D1A-4105-B882-30DC481BBF2A}.Debug|Win32.ActiveCfg = Debug|Win32
		{F1989404-6D1A-4105-B882-30DC481BBF2A}.Debug|Win32.Build.0 = Debug|Win32
		{F1989404-6D1A-4105-B882-30DC481BBF2A}.MinSizeRel|Win32.ActiveCfg = Release|Win32
		{F1989404-6D1A-4105-B882-30DC481BBF2A}.Release|Win32.ActiveCfg = Release|Win32
		{F1989404-6D1A-4105-B882-30DC481BBF2A}.Release|Win32.Build.0 = Release|Win32
		{F1989404-6D1A-4105-B882-30DC481BBF2A}.RelWithDebInfo|Win32.ActiveCfg = Release|Win32
		{F63F0630-9DAA-40FA-95AF-54F04CE55B94}.Debug|Win32.ActiveCfg = Debug|Win32
		{F63F0630-9DAA-40FA-95AF-54F04CE55B94}.Debug|Win32.Build.0 = Debug|Win32
		{F63F0630-9DAA-40FA-95AF-54F04CE55B94}.MinSizeRel|Win32.ActiveCfg = MinSizeRel|Win32
		{F63F0630-9DAA-40FA-95AF-54F04CE55B94}.Release|Win32.ActiveCfg = Release|Win32
		{F63F0630-9DAA-40FA-95AF-54F04CE55B94}.Release|Win32.Build.0 = Release|Win32
		{F63F0630-9DAA-40FA-95AF-54F04CE55B94}.RelWithDebInfo|Win32.ActiveCfg = RelWithDebInfo|Win32
		{D563FE5C-B922-497F-9600-26D2444787EC}.Debug|Win32.ActiveCfg = Debug|Win32
		{D563FE5C-B922-497F-9600-26D2444787EC}.Debug|Win32.Build.0 = Debug|Win32
		{D563FE5C-B922-497F-9600-26D2444787EC}.MinSizeRel|Win32.ActiveCfg = Release|Win32
		{D563FE5C-B922-497F-9600-26D2444787EC}.Release|Win32.ActiveCfg = Release|Win32
		{D563FE5C-B922-497F-9600-26D2444787EC}.Release|Win32.Build.0 = Release|Win32
		{D563FE5C-B922-497F-9600-26D2444787EC}.RelWithDebInfo|Win32.ActiveCfg = Release|Win32
		{E4B8BC96-AB6C-4E2A-9863-848D2E9EF2A1}.Debug|Win32.ActiveCfg = Debug|Win32
		{E4B8BC96-AB6C-4E2A-9863-848D2E9EF2A1}.Debug|Win32.Build.0 = Debug|Win32
		{E4B8BC96-AB6C-4E2A-9863-848D2E9EF2A1}.MinSizeRel|Win32.ActiveCfg = MinSizeRel|Win32
		{E4B8BC96-AB6C-4E2A-9863-848D2E9EF2A1}.Release|Win32.ActiveCfg = Release|Win32
		{E4B8BC96-AB6C-4E2A-9863-848D2E9EF2A1}.Release|Win32.Build.0 = Release|Win32
		{E4B8BC96-AB6C-4E2A-9863-848D2E9EF2A1}.RelWithDebInfo|Win32.ActiveCfg = RelWithDebInfo|Win32
	EndGlobalSection
	GlobalSection(SolutionProperties) = preSolution
		HideSolutionNode = FALSE
	EndGlobalSection
EndGlobal
